PODS:
  - UIAdapter (1.3.0):
    - UIAdapter/Privacy (= 1.3.0)
  - UIAdapter/Privacy (1.3.0)

DEPENDENCIES:
  - UIAdapter (from `../`)

EXTERNAL SOURCES:
  UIAdapter:
    :path: "../"

SPEC CHECKSUMS:
  UIAdapter: 2c0c81c68b308e3ce8b4363d4f66b0ced8c1812f

PODFILE CHECKSUM: 0793a3778780a57cf83a43faa9039eedb0b67f7a

COCOAPODS: 1.15.2
